
Microsoft Visual Studio Solution File, Format Version 12.00
# Visual Studio Version 17
VisualStudioVersion = 17.5.002.0
MinimumVisualStudioVersion = 10.0.40219.1
Project("{9A19103F-16F7-4668-BE54-9A1E7A4F7556}") = "DesafioFundamentos", "DesafioFundamentos\DesafioFundamentos.csproj", "{937EE587-FE1B-4E43-83D2-02E22C3B3DE9}"
EndProject
Global
	GlobalSection(SolutionConfigurationPlatforms) = preSolution
		Debug|Any CPU = Debug|Any CPU
		Release|Any CPU = Release|Any CPU
	EndGlobalSection
	GlobalSection(ProjectConfigurationPlatforms) = postSolution
		{937EE587-FE1B-4E43-83D2-02E22C3B3DE9}.Debug|Any CPU.ActiveCfg = Debug|Any CPU
		{937EE587-FE1B-4E43-83D2-02E22C3B3DE9}.Debug|Any CPU.Build.0 = Debug|Any CPU
		{937EE587-FE1B-4E43-83D2-02E22C3B3DE9}.Release|Any CPU.ActiveCfg = Release|Any CPU
		{937EE587-FE1B-4E43-83D2-02E22C3B3DE9}.Release|Any CPU.Build.0 = Release|Any CPU
	EndGlobalSection
	GlobalSection(SolutionProperties) = preSolution
		HideSolutionNode = FALSE
	EndGlobalSection
	GlobalSection(ExtensibilityGlobals) = postSolution
		SolutionGuid = {030DD893-EC65-4B4F-AD97-951DD41C4DD0}
	EndGlobalSection
EndGlobal
